
Microsoft Visual Studio Solution File, Format Version 12.00
# Visual Studio Version 16
VisualStudioVersion = 16.0.31424.327
MinimumVisualStudioVersion = 10.0.40219.1
Project("{FAE04EC0-301F-11D3-BF4B-00C04F79EFBC}") = "CityInfoAPI", "CityInfoAPI.csproj", "{5E0DFD20-B94A-4A98-BAA0-3BD8D9EBFE6A}"
EndProject
Global
	GlobalSection(SolutionConfigurationPlatforms) = preSolution
		Debug|Any CPU = Debug|Any CPU
		Release|Any CPU = Release|Any CPU
	EndGlobalSection
	GlobalSection(ProjectConfigurationPlatforms) = postSolution
		{5E0DFD20-B94A-4A98-BAA0-3BD8D9EBFE6A}.Debug|Any CPU.ActiveCfg = Debug|Any CPU
		{5E0DFD20-B94A-4A98-BAA0-3BD8D9EBFE6A}.Debug|Any CPU.Build.0 = Debug|Any CPU
		{5E0DFD20-B94A-4A98-BAA0-3BD8D9EBFE6A}.Release|Any CPU.ActiveCfg = Release|Any CPU
		{5E0DFD20-B94A-4A98-BAA0-3BD8D9EBFE6A}.Release|Any CPU.Build.0 = Release|Any CPU
	EndGlobalSection
	GlobalSection(SolutionProperties) = preSolution
		HideSolutionNode = FALSE
	EndGlobalSection
	GlobalSection(ExtensibilityGlobals) = postSolution
		SolutionGuid = {F573D4D1-E4E9-46E3-88DF-AC0BE981D343}
	EndGlobalSection
EndGlobal
